
Microsoft Visual Studio Solution File, Format Version 12.00
# Visual Studio Version 17
VisualStudioVersion = 17.3.32825.248
MinimumVisualStudioVersion = 10.0.40219.1
Project("{FAE04EC0-301F-11D3-BF4B-00C04F79EFBC}") = "BlockUi.WebApplication1", "BlockUi.WebApplication1\BlockUi.WebApplication1.csproj", "{44691F9C-5FC2-4ED4-A9B1-0C8946D62B39}"
EndProject
Global
	GlobalSection(SolutionConfigurationPlatforms) = preSolution
		Debug|Any CPU = Debug|Any CPU
		Release|Any CPU = Release|Any CPU
	EndGlobalSection
	GlobalSection(ProjectConfigurationPlatforms) = postSolution
		{44691F9C-5FC2-4ED4-A9B1-0C8946D62B39}.Debug|Any CPU.ActiveCfg = Debug|Any CPU
		{44691F9C-5FC2-4ED4-A9B1-0C8946D62B39}.Debug|Any CPU.Build.0 = Debug|Any CPU
		{44691F9C-5FC2-4ED4-A9B1-0C8946D62B39}.Release|Any CPU.ActiveCfg = Release|Any CPU
		{44691F9C-5FC2-4ED4-A9B1-0C8946D62B39}.Release|Any CPU.Build.0 = Release|Any CPU
	EndGlobalSection
	GlobalSection(SolutionProperties) = preSolution
		HideSolutionNode = FALSE
	EndGlobalSection
	GlobalSection(ExtensibilityGlobals) = postSolution
		SolutionGuid = {917FEAB7-6DF4-4A31-B148-0AECB591EE3D}
	EndGlobalSection
EndGlobal
